// !$*UTF8*$!
{
	archiveVersion = 1;
	classes = {
	};
	objectVersion = 46;
	objects = {

/* Begin PBXBuildFile section */
		D981E5701F38F77F0097F5EC /* AppDelegate.swift in Sources */ = {isa = PBXBuildFile; fileRef = D981E56F1F38F77F0097F5EC /* AppDelegate.swift */; };
		D981E5721F38F77F0097F5EC /* TipViewController.swift in Sources */ = {isa = PBXBuildFile; fileRef = D981E5711F38F77F0097F5EC /* TipViewController.swift */; };
		D981E5751F38F77F0097F5EC /* Main.storyboard in Resources */ = {isa = PBXBuildFile; fileRef = D981E5731F38F77F0097F5EC /* Main.storyboard */; };
		D981E5771F38F77F0097F5EC /* Assets.xcassets in Resources */ = {isa = PBXBuildFile; fileRef = D981E5761F38F77F0097F5EC /* Assets.xcassets */; };
		D981E57A1F38F77F0097F5EC /* LaunchScreen.storyboard in Resources */ = {isa = PBXBuildFile; fileRef = D981E5781F38F77F0097F5EC /* LaunchScreen.storyboard */; };
		D981E5821F390F730097F5EC /* Double.swift in Sources */ = {isa = PBXBuildFile; fileRef = D981E5811F390F730097F5EC /* Double.swift */; };
		D981E5851F3910A20097F5EC /* UIViewController.swift in Sources */ = {isa = PBXBuildFile; fileRef = D981E5841F3910A20097F5EC /* UIViewController.swift */; };
/* End PBXBuildFile section */

/* Begin PBXFileReference section */
		D981E56C1F38F77F0097F5EC /* TipCalculatorApp.app */ = {isa = PBXFileReference; explicitFileType = wrapper.application; includeInIndex = 0; path = TipCalculatorApp.app; sourceTree = BUILT_PRODUCTS_DIR; };
		D981E56F1F38F77F0097F5EC /* AppDelegate.swift */ = {isa = PBXFileReference; lastKnownFileType = sourcecode.swift; path = AppDelegate.swift; sourceTree = "<group>"; };
		D981E5711F38F77F0097F5EC /* TipViewController.swift */ = {isa = PBXFileReference; lastKnownFileType = sourcecode.swift; path = TipViewController.swift; sourceTree = "<group>"; };
		D981E5741F38F77F0097F5EC /* Base */ = {isa = PBXFileReference; lastKnownFileType = file.storyboard; name = Base; path = Base.lproj/Main.storyboard; sourceTree = "<group>"; };
		D981E5761F38F77F0097F5EC /* Assets.xcassets */ = {isa = PBXFileReference; lastKnownFileType = folder.assetcatalog; path = Assets.xcassets; sourceTree = "<group>"; };
		D981E5791F38F77F0097F5EC /* Base */ = {isa = PBXFileReference; lastKnownFileType = file.storyboard; name = Base; path = Base.lproj/LaunchScreen.storyboard; sourceTree = "<group>"; };
		D981E57B1F38F77F0097F5EC /* Info.plist */ = {isa = PBXFileReference; lastKnownFileType = text.plist.xml; path = Info.plist; sourceTree = "<group>"; };
		D981E5811F390F730097F5EC /* Double.swift */ = {isa = PBXFileReference; fileEncoding = 4; lastKnownFileType = sourcecode.swift; path = Double.swift; sourceTree = "<group>"; };
		D981E5841F3910A20097F5EC /* UIViewController.swift */ = {isa = PBXFileReference; fileEncoding = 4; lastKnownFileType = sourcecode.swift; path = UIViewController.swift; sourceTree = "<group>"; };
/* End PBXFileReference section */

/* Begin PBXFrameworksBuildPhase section */
		D981E5691F38F77F0097F5EC /* Frameworks */ = {
			isa = PBXFrameworksBuildPhase;
			buildActionMask = 2147483647;
			files = (
			);
			runOnlyForDeploymentPostprocessing = 0;
		};
/* End PBXFrameworksBuildPhase section */

/* Begin PBXGroup section */
		D981E5631F38F77F0097F5EC = {
			isa = PBXGroup;
			children = (
				D981E56E1F38F77F0097F5EC /* TipCalculatorApp */,
				D981E56D1F38F77F0097F5EC /* Products */,
			);
			sourceTree = "<group>";
		};
		D981E56D1F38F77F0097F5EC /* Products */ = {
			isa = PBXGroup;
			children = (
				D981E56C1F38F77F0097F5EC /* TipCalculatorApp.app */,
			);
			name = Products;
			sourceTree = "<group>";
		};
		D981E56E1F38F77F0097F5EC /* TipCalculatorApp */ = {
			isa = PBXGroup;
			children = (
				D981E56F1F38F77F0097F5EC /* AppDelegate.swift */,
				D981E5711F38F77F0097F5EC /* TipViewController.swift */,
				D981E5731F38F77F0097F5EC /* Main.storyboard */,
				D981E5761F38F77F0097F5EC /* Assets.xcassets */,
				D981E5781F38F77F0097F5EC /* LaunchScreen.storyboard */,
				D981E57B1F38F77F0097F5EC /* Info.plist */,
				D981E5831F390F840097F5EC /* Extension */,
			);
			path = TipCalculatorApp;
			sourceTree = "<group>";
		};
		D981E5831F390F840097F5EC /* Extension */ = {
			isa = PBXGroup;
			children = (
				D981E5811F390F730097F5EC /* Double.swift */,
				D981E5841F3910A20097F5EC /* UIViewController.swift */,
			);
			name = Extension;
			sourceTree = "<group>";
		};
/* End PBXGroup section */

/* Begin PBXNativeTarget section */
		D981E56B1F38F77F0097F5EC /* TipCalculatorApp */ = {
			isa = PBXNativeTarget;
			buildConfigurationList = D981E57E1F38F77F0097F5EC /* Build configuration list for PBXNativeTarget "TipCalculatorApp" */;
			buildPhases = (
				D981E5681F38F77F0097F5EC /* Sources */,
				D981E5691F38F77F0097F5EC /* Frameworks */,
				D981E56A1F38F77F0097F5EC /* Resources */,
			);
			buildRules = (
			);
			dependencies = (
			);
			name = TipCalculatorApp;
			productName = TipCalculatorApp;
			productReference = D981E56C1F38F77F0097F5EC /* TipCalculatorApp.app */;
			productType = "com.apple.product-type.application";
		};
/* End PBXNativeTarget section */

/* Begin PBXProject section */
		D981E5641F38F77F0097F5EC /* Project object */ = {
			isa = PBXProject;
			attributes = {
				LastSwiftUpdateCheck = 0830;
				LastUpgradeCheck = 0830;
				ORGANIZATIONNAME = com.ayadios;
				TargetAttributes = {
					D981E56B1F38F77F0097F5EC = {
						CreatedOnToolsVersion = 8.3.2;
						ProvisioningStyle = Automatic;
					};
				};
			};
			buildConfigurationList = D981E5671F38F77F0097F5EC /* Build configuration list for PBXProject "TipCalculatorApp" */;
			compatibilityVersion = "Xcode 3.2";
			developmentRegion = English;
			hasScannedForEncodings = 0;
			knownRegions = (
				en,
				Base,
			);
			mainGroup = D981E5631F38F77F0097F5EC;
			productRefGroup = D981E56D1F38F77F0097F5EC /* Products */;
			projectDirPath = "";
			projectRoot = "";
			targets = (
				D981E56B1F38F77F0097F5EC /* TipCalculatorApp */,
			);
		};
/* End PBXProject section */

/* Begin PBXResourcesBuildPhase section */
		D981E56A1F38F77F0097F5EC /* Resources */ = {
			isa = PBXResourcesBuildPhase;
			buildActionMask = 2147483647;
			files = (
				D981E57A1F38F77F0097F5EC /* LaunchScreen.storyboard in Resources */,
				D981E5771F38F77F0097F5EC /* Assets.xcassets in Resources */,
				D981E5751F38F77F0097F5EC /* Main.storyboard in Resources */,
			);
			runOnlyForDeploymentPostprocessing = 0;
		};
/* End PBXResourcesBuildPhase section */

/* Begin PBXSourcesBuildPhase section */
		D981E5681F38F77F0097F5EC /* Sources */ = {
			isa = PBXSourcesBuildPhase;
			buildActionMask = 2147483647;
			files = (
				D981E5721F38F77F0097F5EC /* TipViewController.swift in Sources */,
				D981E5821F390F730097F5EC /* Double.swift in Sources */,
				D981E5851F3910A20097F5EC /* UIViewController.swift in Sources */,
				D981E5701F38F77F0097F5EC /* AppDelegate.swift in Sources */,
			);
			runOnlyForDeploymentPostprocessing = 0;
		};
/* End PBXSourcesBuildPhase section */

/* Begin PBXVariantGroup section */
		D981E5731F38F77F0097F5EC /* Main.storyboard */ = {
			isa = PBXVariantGroup;
			children = (
				D981E5741F38F77F0097F5EC /* Base */,
			);
			name = Main.storyboard;
			sourceTree = "<group>";
		};
		D981E5781F38F77F0097F5EC /* LaunchScreen.storyboard */ = {
			isa = PBXVariantGroup;
			children = (
				D981E5791F38F77F0097F5EC /* Base */,
			);
			name = LaunchScreen.storyboard;
			sourceTree = "<group>";
		};
/* End PBXVariantGroup section */

/* Begin XCBuildConfiguration section */
		D981E57C1F38F77F0097F5EC /* Debug */ = {
			isa = XCBuildConfiguration;
			buildSettings = {
				ALWAYS_SEARCH_USER_PATHS = NO;
				CLANG_ANALYZER_NONNULL = YES;
				CLANG_ANALYZER_NUMBER_OBJECT_CONVERSION = YES_AGGRESSIVE;
				CLANG_CXX_LANGUAGE_STANDARD = "gnu++0x";
				CLANG_CXX_LIBRARY = "libc++";
				CLANG_ENABLE_MODULES = YES;
				CLANG_ENABLE_OBJC_ARC = YES;
				CLANG_WARN_BOOL_CONVERSION = YES;
				CLANG_WARN_CONSTANT_CONVERSION = YES;
				CLANG_WARN_DIRECT_OBJC_ISA_USAGE = YES_ERROR;
				CLANG_WARN_DOCUMENTATION_COMMENTS = YES;
				CLANG_WARN_EMPTY_BODY = YES;
				CLANG_WARN_ENUM_CONVERSION = YES;
				CLANG_WARN_INFINITE_RECURSION = YES;
				CLANG_WARN_INT_CONVERSION = YES;
				CLANG_WARN_OBJC_ROOT_CLASS = YES_ERROR;
				CLANG_WARN_SUSPICIOUS_MOVE = YES;
				CLANG_WARN_UNREACHABLE_CODE = YES;
				CLANG_WARN__DUPLICATE_METHOD_MATCH = YES;
				"CODE_SIGN_IDENTITY[sdk=iphoneos*]" = "iPhone Developer";
				COPY_PHASE_STRIP = NO;
				DEBUG_INFORMATION_FORMAT = dwarf;
				ENABLE_STRICT_OBJC_MSGSEND = YES;
				ENABLE_TESTABILITY = YES;
				GCC_C_LANGUAGE_STANDARD = gnu99;
				GCC_DYNAMIC_NO_PIC = NO;
				GCC_NO_COMMON_BLOCKS = YES;
				GCC_OPTIMIZATION_LEVEL = 0;
				GCC_PREPROCESSOR_DEFINITIONS = (
					"DEBUG=1",
					"$(inherited)",
				);
				GCC_WARN_64_TO_32_BIT_CONVERSION = YES;
				GCC_WARN_ABOUT_RETURN_TYPE = YES_ERROR;
				GCC_WARN_UNDECLARED_SELECTOR = YES;
				GCC_WARN_UNINITIALIZED_AUTOS = YES_AGGRESSIVE;
				GCC_WARN_UNUSED_FUNCTION = YES;
				GCC_WARN_UNUSED_VARIABLE = YES;
				IPHONEOS_DEPLOYMENT_TARGET = 10.3;
				MTL_ENABLE_DEBUG_INFO = YES;
				ONLY_ACTIVE_ARCH = YES;
				SDKROOT = iphoneos;
				SWIFT_ACTIVE_COMPILATION_CONDITIONS = DEBUG;
				SWIFT_OPTIMIZATION_LEVEL = "-Onone";
			};
			name = Debug;
		};
		D981E57D1F38F77F0097F5EC /* Release */ = {
			isa = XCBuildConfiguration;
			buildSettings = {
				ALWAYS_SEARCH_USER_PATHS = NO;
				CLANG_ANALYZER_NONNULL = YES;
				CLANG_ANALYZER_NUMBER_OBJECT_CONVERSION = YES_AGGRESSIVE;
				CLANG_CXX_LANGUAGE_STANDARD = "gnu++0x";
				CLANG_CXX_LIBRARY = "libc++";
				CLANG_ENABLE_MODULES = YES;
				CLANG_ENABLE_OBJC_ARC = YES;
				CLANG_WARN_BOOL_CONVERSION = YES;
				CLANG_WARN_CONSTANT_CONVERSION = YES;
				CLANG_WARN_DIRECT_OBJC_ISA_USAGE = YES_ERROR;
				CLANG_WARN_DOCUMENTATION_COMMENTS = YES;
				CLANG_WARN_EMPTY_BODY = YES;
				CLANG_WARN_ENUM_CONVERSION = YES;
				CLANG_WARN_INFINITE_RECURSION = YES;
				CLANG_WARN_INT_CONVERSION = YES;
				CLANG_WARN_OBJC_ROOT_CLASS = YES_ERROR;
				CLANG_WARN_SUSPICIOUS_MOVE = YES;
				CLANG_WARN_UNREACHABLE_CODE = YES;
				CLANG_WARN__DUPLICATE_METHOD_MATCH = YES;
				"CODE_SIGN_IDENTITY[sdk=iphoneos*]" = "iPhone Developer";
				COPY_PHASE_STRIP = NO;
				DEBUG_INFORMATION_FORMAT = "dwarf-with-dsym";
				ENABLE_NS_ASSERTIONS = NO;
				ENABLE_STRICT_OBJC_MSGSEND = YES;
				GCC_C_LANGUAGE_STANDARD = gnu99;
				GCC_NO_COMMON_BLOCKS = YES;
				GCC_WARN_64_TO_32_BIT_CONVERSION = YES;
				GCC_WARN_ABOUT_RETURN_TYPE = YES_ERROR;
				GCC_WARN_UNDECLARED_SELECTOR = YES;
				GCC_WARN_UNINITIALIZED_AUTOS = YES_AGGRESSIVE;
				GCC_WARN_UNUSED_FUNCTION = YES;
				GCC_WARN_UNUSED_VARIABLE = YES;
				IPHONEOS_DEPLOYMENT_TARGET = 10.3;
				MTL_ENABLE_DEBUG_INFO = NO;
				SDKROOT = iphoneos;
				SWIFT_OPTIMIZATION_LEVEL = "-Owholemodule";
				VALIDATE_PRODUCT = YES;
			};
			name = Release;
		};
		D981E57F1F38F77F0097F5EC /* Debug */ = {
			isa = XCBuildConfiguration;
			buildSettings = {
				ASSETCATALOG_COMPILER_APPICON_NAME = AppIcon;
				INFOPLIST_FILE = TipCalculatorApp/Info.plist;
				LD_RUNPATH_SEARCH_PATHS = "$(inherited) @executable_path/Frameworks";
				PRODUCT_BUNDLE_IDENTIFIER = joostware.TipCalculatorApp;
				PRODUCT_NAME = "$(TARGET_NAME)";
				SWIFT_VERSION = 3.0;
			};
			name = Debug;
		};
		D981E5801F38F77F0097F5EC /* Release */ = {
			isa = XCBuildConfiguration;
			buildSettings = {
				ASSETCATALOG_COMPILER_APPICON_NAME = AppIcon;
				INFOPLIST_FILE = TipCalculatorApp/Info.plist;
				LD_RUNPATH_SEARCH_PATHS = "$(inherited) @executable_path/Frameworks";
				PRODUCT_BUNDLE_IDENTIFIER = joostware.TipCalculatorApp;
				PRODUCT_NAME = "$(TARGET_NAME)";
				SWIFT_VERSION = 3.0;
			};
			name = Release;
		};
/* End XCBuildConfiguration section */

/* Begin XCConfigurationList section */
		D981E5671F38F77F0097F5EC /* Build configuration list for PBXProject "TipCalculatorApp" */ = {
			isa = XCConfigurationList;
			buildConfigurations = (
				D981E57C1F38F77F0097F5EC /* Debug */,
				D981E57D1F38F77F0097F5EC /* Release */,
			);
			defaultConfigurationIsVisible = 0;
			defaultConfigurationName = Release;
		};
		D981E57E1F38F77F0097F5EC /* Build configuration list for PBXNativeTarget "TipCalculatorApp" */ = {
			isa = XCConfigurationList;
			buildConfigurations = (
				D981E57F1F38F77F0097F5EC /* Debug */,
				D981E5801F38F77F0097F5EC /* Release */,
			);
			defaultConfigurationIsVisible = 0;
		};
/* End XCConfigurationList section */
	};
	rootObject = D981E5641F38F77F0097F5EC /* Project object */;
}
